
Microsoft Visual Studio Solution File, Format Version 12.00
# Visual Studio 15
VisualStudioVersion = 15.0.26014.0
MinimumVisualStudioVersion = 10.0.40219.1
Project("{FAE04EC0-301F-11D3-BF4B-00C04F79EFBC}") = "HotFix", "HotFix\HotFix.csproj", "{4FC75A1E-EA9C-4512-A41E-650F00F21FB3}"
EndProject
Project("{FAE04EC0-301F-11D3-BF4B-00C04F79EFBC}") = "HotFix.Test", "HotFix.Test\HotFix.Test.csproj", "{805AFF37-ACD7-4F92-9D8A-5F1433EB071E}"
EndProject
Global
	GlobalSection(SolutionConfigurationPlatforms) = preSolution
		Debug|Any CPU = Debug|Any CPU
		Release|Any CPU = Release|Any CPU
	EndGlobalSection
	GlobalSection(ProjectConfigurationPlatforms) = postSolution
		{4FC75A1E-EA9C-4512-A41E-650F00F21FB3}.Debug|Any CPU.ActiveCfg = Debug|Any CPU
		{4FC75A1E-EA9C-4512-A41E-650F00F21FB3}.Debug|Any CPU.Build.0 = Debug|Any CPU
		{4FC75A1E-EA9C-4512-A41E-650F00F21FB3}.Release|Any CPU.ActiveCfg = Release|Any CPU
		{4FC75A1E-EA9C-4512-A41E-650F00F21FB3}.Release|Any CPU.Build.0 = Release|Any CPU
		{805AFF37-ACD7-4F92-9D8A-5F1433EB071E}.Debug|Any CPU.ActiveCfg = Debug|Any CPU
		{805AFF37-ACD7-4F92-9D8A-5F1433EB071E}.Debug|Any CPU.Build.0 = Debug|Any CPU
		{805AFF37-ACD7-4F92-9D8A-5F1433EB071E}.Release|Any CPU.ActiveCfg = Release|Any CPU
		{805AFF37-ACD7-4F92-9D8A-5F1433EB071E}.Release|Any CPU.Build.0 = Release|Any CPU
	EndGlobalSection
	GlobalSection(SolutionProperties) = preSolution
		HideSolutionNode = FALSE
	EndGlobalSection
EndGlobal
