
Microsoft Visual Studio Solution File, Format Version 12.00
# Visual Studio 15
VisualStudioVersion = 15.0.27130.2027
MinimumVisualStudioVersion = 10.0.40219.1
Project("{9A19103F-16F7-4668-BE54-9A1E7A4F7556}") = "HotFix", "HotFix\HotFix.csproj", "{F9D2B3A8-5BC2-4596-8D4D-3DF39B7A85A0}"
EndProject
Project("{9A19103F-16F7-4668-BE54-9A1E7A4F7556}") = "HotFix.Test", "HotFix.Test\HotFix.Test.csproj", "{5CA17CF6-7D94-4A66-82DF-1F0128DDA6C1}"
EndProject
Project("{9A19103F-16F7-4668-BE54-9A1E7A4F7556}") = "HotFix.Specification", "HotFix.Specification\HotFix.Specification.csproj", "{5D2A2526-326F-45FF-A16C-31F95A4056C8}"
EndProject
Project("{9A19103F-16F7-4668-BE54-9A1E7A4F7556}") = "HotFix.Demo.Acceptor", "HotFix.Demo.Acceptor\HotFix.Demo.Acceptor.csproj", "{625E9F9C-B625-4F51-A3AF-028D2E832278}"
EndProject
Project("{9A19103F-16F7-4668-BE54-9A1E7A4F7556}") = "HotFix.Demo.Initiator", "HotFix.Demo.Initiator\HotFix.Demo.Initiator.csproj", "{8B13FADF-E160-48DB-82CF-CDA265BEE7A3}"
EndProject
Project("{9A19103F-16F7-4668-BE54-9A1E7A4F7556}") = "HotFix.Benchmark", "HotFix.Benchmark\HotFix.Benchmark.csproj", "{DD4D8277-678A-41E8-BE9E-AB7FBEF59550}"
EndProject
Project("{2150E333-8FDC-42A3-9474-1A3956D46DE8}") = ".common", ".common", "{E1D40973-720D-43D7-806F-E90F9899A059}"
	ProjectSection(SolutionItems) = preProject
		appveyor.yml = appveyor.yml
		LICENSE = LICENSE
		README.md = README.md
	EndProjectSection
EndProject
Global
	GlobalSection(SolutionConfigurationPlatforms) = preSolution
		Debug|Any CPU = Debug|Any CPU
		Release|Any CPU = Release|Any CPU
	EndGlobalSection
	GlobalSection(ProjectConfigurationPlatforms) = postSolution
		{F9D2B3A8-5BC2-4596-8D4D-3DF39B7A85A0}.Debug|Any CPU.ActiveCfg = Debug|Any CPU
		{F9D2B3A8-5BC2-4596-8D4D-3DF39B7A85A0}.Debug|Any CPU.Build.0 = Debug|Any CPU
		{F9D2B3A8-5BC2-4596-8D4D-3DF39B7A85A0}.Release|Any CPU.ActiveCfg = Release|Any CPU
		{F9D2B3A8-5BC2-4596-8D4D-3DF39B7A85A0}.Release|Any CPU.Build.0 = Release|Any CPU
		{5CA17CF6-7D94-4A66-82DF-1F0128DDA6C1}.Debug|Any CPU.ActiveCfg = Debug|Any CPU
		{5CA17CF6-7D94-4A66-82DF-1F0128DDA6C1}.Debug|Any CPU.Build.0 = Debug|Any CPU
		{5CA17CF6-7D94-4A66-82DF-1F0128DDA6C1}.Release|Any CPU.ActiveCfg = Release|Any CPU
		{5CA17CF6-7D94-4A66-82DF-1F0128DDA6C1}.Release|Any CPU.Build.0 = Release|Any CPU
		{5D2A2526-326F-45FF-A16C-31F95A4056C8}.Debug|Any CPU.ActiveCfg = Debug|Any CPU
		{5D2A2526-326F-45FF-A16C-31F95A4056C8}.Debug|Any CPU.Build.0 = Debug|Any CPU
		{5D2A2526-326F-45FF-A16C-31F95A4056C8}.Release|Any CPU.ActiveCfg = Release|Any CPU
		{5D2A2526-326F-45FF-A16C-31F95A4056C8}.Release|Any CPU.Build.0 = Release|Any CPU
		{625E9F9C-B625-4F51-A3AF-028D2E832278}.Debug|Any CPU.ActiveCfg = Debug|Any CPU
		{625E9F9C-B625-4F51-A3AF-028D2E832278}.Debug|Any CPU.Build.0 = Debug|Any CPU
		{625E9F9C-B625-4F51-A3AF-028D2E832278}.Release|Any CPU.ActiveCfg = Release|Any CPU
		{625E9F9C-B625-4F51-A3AF-028D2E832278}.Release|Any CPU.Build.0 = Release|Any CPU
		{8B13FADF-E160-48DB-82CF-CDA265BEE7A3}.Debug|Any CPU.ActiveCfg = Debug|Any CPU
		{8B13FADF-E160-48DB-82CF-CDA265BEE7A3}.Debug|Any CPU.Build.0 = Debug|Any CPU
		{8B13FADF-E160-48DB-82CF-CDA265BEE7A3}.Release|Any CPU.ActiveCfg = Release|Any CPU
		{8B13FADF-E160-48DB-82CF-CDA265BEE7A3}.Release|Any CPU.Build.0 = Release|Any CPU
		{DD4D8277-678A-41E8-BE9E-AB7FBEF59550}.Debug|Any CPU.ActiveCfg = Debug|Any CPU
		{DD4D8277-678A-41E8-BE9E-AB7FBEF59550}.Debug|Any CPU.Build.0 = Debug|Any CPU
		{DD4D8277-678A-41E8-BE9E-AB7FBEF59550}.Release|Any CPU.ActiveCfg = Release|Any CPU
		{DD4D8277-678A-41E8-BE9E-AB7FBEF59550}.Release|Any CPU.Build.0 = Release|Any CPU
	EndGlobalSection
	GlobalSection(SolutionProperties) = preSolution
		HideSolutionNode = FALSE
	EndGlobalSection
	GlobalSection(ExtensibilityGlobals) = postSolution
		SolutionGuid = {02431CBF-CC51-44E1-B4BD-93A505CC6DD4}
	EndGlobalSection
EndGlobal
